// !$*UTF8*$!
{
	archiveVersion = 1;
	classes = {
	};
	objectVersion = 46;
	objects = {

/* Begin PBXBuildFile section */
		B221B8071E92C07500FF9323 /* AppDelegate.swift in Sources */ = {isa = PBXBuildFile; fileRef = B221B8061E92C07500FF9323 /* AppDelegate.swift */; };
		B221B80E1E92C07500FF9323 /* Assets.xcassets in Resources */ = {isa = PBXBuildFile; fileRef = B221B80D1E92C07500FF9323 /* Assets.xcassets */; };
		B221B8111E92C07500FF9323 /* LaunchScreen.storyboard in Resources */ = {isa = PBXBuildFile; fileRef = B221B80F1E92C07500FF9323 /* LaunchScreen.storyboard */; };
		B221B81C1E92C07500FF9323 /* GD_LunchTests.swift in Sources */ = {isa = PBXBuildFile; fileRef = B221B81B1E92C07500FF9323 /* GD_LunchTests.swift */; };
		B221B8271E92C07600FF9323 /* GD_LunchUITests.swift in Sources */ = {isa = PBXBuildFile; fileRef = B221B8261E92C07600FF9323 /* GD_LunchUITests.swift */; };
		B24BD4A01EC0B06C006E662C /* LoginVC.swift in Sources */ = {isa = PBXBuildFile; fileRef = B24BD49E1EC0B06C006E662C /* LoginVC.swift */; };
		B24BD4A11EC0B06C006E662C /* LoginVC.xib in Resources */ = {isa = PBXBuildFile; fileRef = B24BD49F1EC0B06C006E662C /* LoginVC.xib */; };
		B24BD4A41EC0F19B006E662C /* RouterVC.swift in Sources */ = {isa = PBXBuildFile; fileRef = B24BD4A21EC0F19B006E662C /* RouterVC.swift */; };
		B24BD4A51EC0F19B006E662C /* RouterVC.xib in Resources */ = {isa = PBXBuildFile; fileRef = B24BD4A31EC0F19B006E662C /* RouterVC.xib */; };
		B24BD4A71EC0F41A006E662C /* Styles.swift in Sources */ = {isa = PBXBuildFile; fileRef = B24BD4A61EC0F41A006E662C /* Styles.swift */; };
		B24BD4AB1EC0F567006E662C /* MainFeedVC.swift in Sources */ = {isa = PBXBuildFile; fileRef = B24BD4A91EC0F567006E662C /* MainFeedVC.swift */; };
		B24BD4AC1EC0F567006E662C /* MainFeedVC.xib in Resources */ = {isa = PBXBuildFile; fileRef = B24BD4AA1EC0F567006E662C /* MainFeedVC.xib */; };
		B24BD4AF1EC1E6CD006E662C /* RegisterVC.swift in Sources */ = {isa = PBXBuildFile; fileRef = B24BD4AD1EC1E6CD006E662C /* RegisterVC.swift */; };
		B24BD4B01EC1E6CD006E662C /* RegisterVC.xib in Resources */ = {isa = PBXBuildFile; fileRef = B24BD4AE1EC1E6CD006E662C /* RegisterVC.xib */; };
		B24BD4B21EC1EB9F006E662C /* TextFields.swift in Sources */ = {isa = PBXBuildFile; fileRef = B24BD4B11EC1EB9F006E662C /* TextFields.swift */; };
		B27360991EA64C8600BF0613 /* DynamicAnimators.swift in Sources */ = {isa = PBXBuildFile; fileRef = B27360981EA64C8600BF0613 /* DynamicAnimators.swift */; };
		B2753C6F1EA3C18D0078B4B4 /* BaseVC.swift in Sources */ = {isa = PBXBuildFile; fileRef = B2753C6E1EA3C18D0078B4B4 /* BaseVC.swift */; };
		B2753C721EA3C22E0078B4B4 /* SplashVC.swift in Sources */ = {isa = PBXBuildFile; fileRef = B2753C701EA3C22E0078B4B4 /* SplashVC.swift */; };
		B2753C731EA3C22E0078B4B4 /* SplashVC.xib in Resources */ = {isa = PBXBuildFile; fileRef = B2753C711EA3C22E0078B4B4 /* SplashVC.xib */; };
		B2753C751EA3C58B0078B4B4 /* Buttons.swift in Sources */ = {isa = PBXBuildFile; fileRef = B2753C741EA3C58B0078B4B4 /* Buttons.swift */; };
		B2753C771EA3D13B0078B4B4 /* Colors.swift in Sources */ = {isa = PBXBuildFile; fileRef = B2753C761EA3D13B0078B4B4 /* Colors.swift */; };
		B2753C791EA416180078B4B4 /* Views.swift in Sources */ = {isa = PBXBuildFile; fileRef = B2753C781EA416180078B4B4 /* Views.swift */; };
		B2BF87FC1EC8B41800D25A75 /* UIImage.swift in Sources */ = {isa = PBXBuildFile; fileRef = B2BF87FB1EC8B41800D25A75 /* UIImage.swift */; };
/* End PBXBuildFile section */

/* Begin PBXContainerItemProxy section */
		B221B8181E92C07500FF9323 /* PBXContainerItemProxy */ = {
			isa = PBXContainerItemProxy;
			containerPortal = B221B7FB1E92C07500FF9323 /* Project object */;
			proxyType = 1;
			remoteGlobalIDString = B221B8021E92C07500FF9323;
			remoteInfo = "GD Lunch";
		};
		B221B8231E92C07500FF9323 /* PBXContainerItemProxy */ = {
			isa = PBXContainerItemProxy;
			containerPortal = B221B7FB1E92C07500FF9323 /* Project object */;
			proxyType = 1;
			remoteGlobalIDString = B221B8021E92C07500FF9323;
			remoteInfo = "GD Lunch";
		};
/* End PBXContainerItemProxy section */

/* Begin PBXFileReference section */
		B221B8031E92C07500FF9323 /* GD Lunch.app */ = {isa = PBXFileReference; explicitFileType = wrapper.application; includeInIndex = 0; path = "GD Lunch.app"; sourceTree = BUILT_PRODUCTS_DIR; };
		B221B8061E92C07500FF9323 /* AppDelegate.swift */ = {isa = PBXFileReference; lastKnownFileType = sourcecode.swift; path = AppDelegate.swift; sourceTree = "<group>"; };
		B221B80D1E92C07500FF9323 /* Assets.xcassets */ = {isa = PBXFileReference; lastKnownFileType = folder.assetcatalog; path = Assets.xcassets; sourceTree = "<group>"; };
		B221B8101E92C07500FF9323 /* Base */ = {isa = PBXFileReference; lastKnownFileType = file.storyboard; name = Base; path = Base.lproj/LaunchScreen.storyboard; sourceTree = "<group>"; };
		B221B8121E92C07500FF9323 /* Info.plist */ = {isa = PBXFileReference; lastKnownFileType = text.plist.xml; path = Info.plist; sourceTree = "<group>"; };
		B221B8171E92C07500FF9323 /* GD LunchTests.xctest */ = {isa = PBXFileReference; explicitFileType = wrapper.cfbundle; includeInIndex = 0; path = "GD LunchTests.xctest"; sourceTree = BUILT_PRODUCTS_DIR; };
		B221B81B1E92C07500FF9323 /* GD_LunchTests.swift */ = {isa = PBXFileReference; lastKnownFileType = sourcecode.swift; path = GD_LunchTests.swift; sourceTree = "<group>"; };
		B221B81D1E92C07500FF9323 /* Info.plist */ = {isa = PBXFileReference; lastKnownFileType = text.plist.xml; path = Info.plist; sourceTree = "<group>"; };
		B221B8221E92C07500FF9323 /* GD LunchUITests.xctest */ = {isa = PBXFileReference; explicitFileType = wrapper.cfbundle; includeInIndex = 0; path = "GD LunchUITests.xctest"; sourceTree = BUILT_PRODUCTS_DIR; };
		B221B8261E92C07600FF9323 /* GD_LunchUITests.swift */ = {isa = PBXFileReference; lastKnownFileType = sourcecode.swift; path = GD_LunchUITests.swift; sourceTree = "<group>"; };
		B221B8281E92C07600FF9323 /* Info.plist */ = {isa = PBXFileReference; lastKnownFileType = text.plist.xml; path = Info.plist; sourceTree = "<group>"; };
		B24BD49E1EC0B06C006E662C /* LoginVC.swift */ = {isa = PBXFileReference; fileEncoding = 4; lastKnownFileType = sourcecode.swift; path = LoginVC.swift; sourceTree = "<group>"; };
		B24BD49F1EC0B06C006E662C /* LoginVC.xib */ = {isa = PBXFileReference; fileEncoding = 4; lastKnownFileType = file.xib; path = LoginVC.xib; sourceTree = "<group>"; };
		B24BD4A21EC0F19B006E662C /* RouterVC.swift */ = {isa = PBXFileReference; fileEncoding = 4; lastKnownFileType = sourcecode.swift; path = RouterVC.swift; sourceTree = "<group>"; };
		B24BD4A31EC0F19B006E662C /* RouterVC.xib */ = {isa = PBXFileReference; fileEncoding = 4; lastKnownFileType = file.xib; path = RouterVC.xib; sourceTree = "<group>"; };
		B24BD4A61EC0F41A006E662C /* Styles.swift */ = {isa = PBXFileReference; fileEncoding = 4; lastKnownFileType = sourcecode.swift; path = Styles.swift; sourceTree = "<group>"; };
		B24BD4A91EC0F567006E662C /* MainFeedVC.swift */ = {isa = PBXFileReference; fileEncoding = 4; lastKnownFileType = sourcecode.swift; path = MainFeedVC.swift; sourceTree = "<group>"; };
		B24BD4AA1EC0F567006E662C /* MainFeedVC.xib */ = {isa = PBXFileReference; fileEncoding = 4; lastKnownFileType = file.xib; path = MainFeedVC.xib; sourceTree = "<group>"; };
		B24BD4AD1EC1E6CD006E662C /* RegisterVC.swift */ = {isa = PBXFileReference; fileEncoding = 4; lastKnownFileType = sourcecode.swift; path = RegisterVC.swift; sourceTree = "<group>"; };
		B24BD4AE1EC1E6CD006E662C /* RegisterVC.xib */ = {isa = PBXFileReference; fileEncoding = 4; lastKnownFileType = file.xib; path = RegisterVC.xib; sourceTree = "<group>"; };
		B24BD4B11EC1EB9F006E662C /* TextFields.swift */ = {isa = PBXFileReference; fileEncoding = 4; lastKnownFileType = sourcecode.swift; path = TextFields.swift; sourceTree = "<group>"; };
		B27360981EA64C8600BF0613 /* DynamicAnimators.swift */ = {isa = PBXFileReference; fileEncoding = 4; lastKnownFileType = sourcecode.swift; path = DynamicAnimators.swift; sourceTree = "<group>"; };
		B2753C6E1EA3C18D0078B4B4 /* BaseVC.swift */ = {isa = PBXFileReference; fileEncoding = 4; lastKnownFileType = sourcecode.swift; path = BaseVC.swift; sourceTree = "<group>"; };
		B2753C701EA3C22E0078B4B4 /* SplashVC.swift */ = {isa = PBXFileReference; fileEncoding = 4; lastKnownFileType = sourcecode.swift; path = SplashVC.swift; sourceTree = "<group>"; };
		B2753C711EA3C22E0078B4B4 /* SplashVC.xib */ = {isa = PBXFileReference; fileEncoding = 4; lastKnownFileType = file.xib; path = SplashVC.xib; sourceTree = "<group>"; };
		B2753C741EA3C58B0078B4B4 /* Buttons.swift */ = {isa = PBXFileReference; fileEncoding = 4; lastKnownFileType = sourcecode.swift; path = Buttons.swift; sourceTree = "<group>"; };
		B2753C761EA3D13B0078B4B4 /* Colors.swift */ = {isa = PBXFileReference; fileEncoding = 4; lastKnownFileType = sourcecode.swift; path = Colors.swift; sourceTree = "<group>"; };
		B2753C781EA416180078B4B4 /* Views.swift */ = {isa = PBXFileReference; fileEncoding = 4; lastKnownFileType = sourcecode.swift; path = Views.swift; sourceTree = "<group>"; };
		B2BF87FB1EC8B41800D25A75 /* UIImage.swift */ = {isa = PBXFileReference; fileEncoding = 4; lastKnownFileType = sourcecode.swift; path = UIImage.swift; sourceTree = "<group>"; };
/* End PBXFileReference section */

/* Begin PBXFrameworksBuildPhase section */
		B221B8001E92C07500FF9323 /* Frameworks */ = {
			isa = PBXFrameworksBuildPhase;
			buildActionMask = 2147483647;
			files = (
			);
			runOnlyForDeploymentPostprocessing = 0;
		};
		B221B8141E92C07500FF9323 /* Frameworks */ = {
			isa = PBXFrameworksBuildPhase;
			buildActionMask = 2147483647;
			files = (
			);
			runOnlyForDeploymentPostprocessing = 0;
		};
		B221B81F1E92C07500FF9323 /* Frameworks */ = {
			isa = PBXFrameworksBuildPhase;
			buildActionMask = 2147483647;
			files = (
			);
			runOnlyForDeploymentPostprocessing = 0;
		};
/* End PBXFrameworksBuildPhase section */

/* Begin PBXGroup section */
		B221B7FA1E92C07500FF9323 = {
			isa = PBXGroup;
			children = (
				B221B8051E92C07500FF9323 /* GD Lunch */,
				B221B81A1E92C07500FF9323 /* GD LunchTests */,
				B221B8251E92C07500FF9323 /* GD LunchUITests */,
				B221B8041E92C07500FF9323 /* Products */,
			);
			sourceTree = "<group>";
		};
		B221B8041E92C07500FF9323 /* Products */ = {
			isa = PBXGroup;
			children = (
				B221B8031E92C07500FF9323 /* GD Lunch.app */,
				B221B8171E92C07500FF9323 /* GD LunchTests.xctest */,
				B221B8221E92C07500FF9323 /* GD LunchUITests.xctest */,
			);
			name = Products;
			sourceTree = "<group>";
		};
		B221B8051E92C07500FF9323 /* GD Lunch */ = {
			isa = PBXGroup;
			children = (
				B2753C6D1EA3C1540078B4B4 /* Base */,
				B24BD4A81EC0F52D006E662C /* MainFeed */,
				B24BD49D1EC0AFAE006E662C /* Login Register */,
				B24BD49C1EC0AFA3006E662C /* Main */,
				B221B80D1E92C07500FF9323 /* Assets.xcassets */,
				B221B80F1E92C07500FF9323 /* LaunchScreen.storyboard */,
				B221B8121E92C07500FF9323 /* Info.plist */,
			);
			path = "GD Lunch";
			sourceTree = "<group>";
		};
		B221B81A1E92C07500FF9323 /* GD LunchTests */ = {
			isa = PBXGroup;
			children = (
				B221B81B1E92C07500FF9323 /* GD_LunchTests.swift */,
				B221B81D1E92C07500FF9323 /* Info.plist */,
			);
			path = "GD LunchTests";
			sourceTree = "<group>";
		};
		B221B8251E92C07500FF9323 /* GD LunchUITests */ = {
			isa = PBXGroup;
			children = (
				B221B8261E92C07600FF9323 /* GD_LunchUITests.swift */,
				B221B8281E92C07600FF9323 /* Info.plist */,
			);
			path = "GD LunchUITests";
			sourceTree = "<group>";
		};
		B24BD49C1EC0AFA3006E662C /* Main */ = {
			isa = PBXGroup;
			children = (
				B221B8061E92C07500FF9323 /* AppDelegate.swift */,
				B24BD4A21EC0F19B006E662C /* RouterVC.swift */,
				B24BD4A31EC0F19B006E662C /* RouterVC.xib */,
			);
			name = Main;
			sourceTree = "<group>";
		};
		B24BD49D1EC0AFAE006E662C /* Login Register */ = {
			isa = PBXGroup;
			children = (
				B2753C701EA3C22E0078B4B4 /* SplashVC.swift */,
				B2753C711EA3C22E0078B4B4 /* SplashVC.xib */,
				B24BD49E1EC0B06C006E662C /* LoginVC.swift */,
				B24BD49F1EC0B06C006E662C /* LoginVC.xib */,
				B24BD4AD1EC1E6CD006E662C /* RegisterVC.swift */,
				B24BD4AE1EC1E6CD006E662C /* RegisterVC.xib */,
			);
			name = "Login Register";
			sourceTree = "<group>";
		};
		B24BD4A81EC0F52D006E662C /* MainFeed */ = {
			isa = PBXGroup;
			children = (
				B24BD4A91EC0F567006E662C /* MainFeedVC.swift */,
				B24BD4AA1EC0F567006E662C /* MainFeedVC.xib */,
			);
			name = MainFeed;
			sourceTree = "<group>";
		};
		B2753C6D1EA3C1540078B4B4 /* Base */ = {
			isa = PBXGroup;
			children = (
				B2753C6E1EA3C18D0078B4B4 /* BaseVC.swift */,
				B2753C741EA3C58B0078B4B4 /* Buttons.swift */,
				B27360981EA64C8600BF0613 /* DynamicAnimators.swift */,
				B2753C761EA3D13B0078B4B4 /* Colors.swift */,
				B2753C781EA416180078B4B4 /* Views.swift */,
				B24BD4A61EC0F41A006E662C /* Styles.swift */,
				B24BD4B11EC1EB9F006E662C /* TextFields.swift */,
				B2BF87FB1EC8B41800D25A75 /* UIImage.swift */,
			);
			name = Base;
			sourceTree = "<group>";
		};
/* End PBXGroup section */

/* Begin PBXNativeTarget section */
		B221B8021E92C07500FF9323 /* GD Lunch */ = {
			isa = PBXNativeTarget;
			buildConfigurationList = B221B82B1E92C07600FF9323 /* Build configuration list for PBXNativeTarget "GD Lunch" */;
			buildPhases = (
				B221B7FF1E92C07500FF9323 /* Sources */,
				B221B8001E92C07500FF9323 /* Frameworks */,
				B221B8011E92C07500FF9323 /* Resources */,
			);
			buildRules = (
			);
			dependencies = (
			);
			name = "GD Lunch";
			productName = "GD Lunch";
			productReference = B221B8031E92C07500FF9323 /* GD Lunch.app */;
			productType = "com.apple.product-type.application";
		};
		B221B8161E92C07500FF9323 /* GD LunchTests */ = {
			isa = PBXNativeTarget;
			buildConfigurationList = B221B82E1E92C07600FF9323 /* Build configuration list for PBXNativeTarget "GD LunchTests" */;
			buildPhases = (
				B221B8131E92C07500FF9323 /* Sources */,
				B221B8141E92C07500FF9323 /* Frameworks */,
				B221B8151E92C07500FF9323 /* Resources */,
			);
			buildRules = (
			);
			dependencies = (
				B221B8191E92C07500FF9323 /* PBXTargetDependency */,
			);
			name = "GD LunchTests";
			productName = "GD LunchTests";
			productReference = B221B8171E92C07500FF9323 /* GD LunchTests.xctest */;
			productType = "com.apple.product-type.bundle.unit-test";
		};
		B221B8211E92C07500FF9323 /* GD LunchUITests */ = {
			isa = PBXNativeTarget;
			buildConfigurationList = B221B8311E92C07600FF9323 /* Build configuration list for PBXNativeTarget "GD LunchUITests" */;
			buildPhases = (
				B221B81E1E92C07500FF9323 /* Sources */,
				B221B81F1E92C07500FF9323 /* Frameworks */,
				B221B8201E92C07500FF9323 /* Resources */,
			);
			buildRules = (
			);
			dependencies = (
				B221B8241E92C07500FF9323 /* PBXTargetDependency */,
			);
			name = "GD LunchUITests";
			productName = "GD LunchUITests";
			productReference = B221B8221E92C07500FF9323 /* GD LunchUITests.xctest */;
			productType = "com.apple.product-type.bundle.ui-testing";
		};
/* End PBXNativeTarget section */

/* Begin PBXProject section */
		B221B7FB1E92C07500FF9323 /* Project object */ = {
			isa = PBXProject;
			attributes = {
				LastSwiftUpdateCheck = 0820;
				LastUpgradeCheck = 0820;
				ORGANIZATIONNAME = "Ted Liao";
				TargetAttributes = {
					B221B8021E92C07500FF9323 = {
						CreatedOnToolsVersion = 8.2.1;
						DevelopmentTeam = KJ6K6BX2KV;
						ProvisioningStyle = Automatic;
					};
					B221B8161E92C07500FF9323 = {
						CreatedOnToolsVersion = 8.2.1;
						DevelopmentTeam = KJ6K6BX2KV;
						ProvisioningStyle = Automatic;
						TestTargetID = B221B8021E92C07500FF9323;
					};
					B221B8211E92C07500FF9323 = {
						CreatedOnToolsVersion = 8.2.1;
						DevelopmentTeam = KJ6K6BX2KV;
						ProvisioningStyle = Automatic;
						TestTargetID = B221B8021E92C07500FF9323;
					};
				};
			};
			buildConfigurationList = B221B7FE1E92C07500FF9323 /* Build configuration list for PBXProject "GD Lunch" */;
			compatibilityVersion = "Xcode 3.2";
			developmentRegion = English;
			hasScannedForEncodings = 0;
			knownRegions = (
				en,
				Base,
			);
			mainGroup = B221B7FA1E92C07500FF9323;
			productRefGroup = B221B8041E92C07500FF9323 /* Products */;
			projectDirPath = "";
			projectRoot = "";
			targets = (
				B221B8021E92C07500FF9323 /* GD Lunch */,
				B221B8161E92C07500FF9323 /* GD LunchTests */,
				B221B8211E92C07500FF9323 /* GD LunchUITests */,
			);
		};
/* End PBXProject section */

/* Begin PBXResourcesBuildPhase section */
		B221B8011E92C07500FF9323 /* Resources */ = {
			isa = PBXResourcesBuildPhase;
			buildActionMask = 2147483647;
			files = (
				B2753C731EA3C22E0078B4B4 /* SplashVC.xib in Resources */,
				B24BD4AC1EC0F567006E662C /* MainFeedVC.xib in Resources */,
				B24BD4A51EC0F19B006E662C /* RouterVC.xib in Resources */,
				B221B8111E92C07500FF9323 /* LaunchScreen.storyboard in Resources */,
				B24BD4B01EC1E6CD006E662C /* RegisterVC.xib in Resources */,
				B24BD4A11EC0B06C006E662C /* LoginVC.xib in Resources */,
				B221B80E1E92C07500FF9323 /* Assets.xcassets in Resources */,
			);
			runOnlyForDeploymentPostprocessing = 0;
		};
		B221B8151E92C07500FF9323 /* Resources */ = {
			isa = PBXResourcesBuildPhase;
			buildActionMask = 2147483647;
			files = (
			);
			runOnlyForDeploymentPostprocessing = 0;
		};
		B221B8201E92C07500FF9323 /* Resources */ = {
			isa = PBXResourcesBuildPhase;
			buildActionMask = 2147483647;
			files = (
			);
			runOnlyForDeploymentPostprocessing = 0;
		};
/* End PBXResourcesBuildPhase section */

/* Begin PBXSourcesBuildPhase section */
		B221B7FF1E92C07500FF9323 /* Sources */ = {
			isa = PBXSourcesBuildPhase;
			buildActionMask = 2147483647;
			files = (
				B2753C791EA416180078B4B4 /* Views.swift in Sources */,
				B24BD4A71EC0F41A006E662C /* Styles.swift in Sources */,
				B2753C721EA3C22E0078B4B4 /* SplashVC.swift in Sources */,
				B24BD4A01EC0B06C006E662C /* LoginVC.swift in Sources */,
				B24BD4AB1EC0F567006E662C /* MainFeedVC.swift in Sources */,
				B24BD4A41EC0F19B006E662C /* RouterVC.swift in Sources */,
				B2753C771EA3D13B0078B4B4 /* Colors.swift in Sources */,
				B2753C6F1EA3C18D0078B4B4 /* BaseVC.swift in Sources */,
				B27360991EA64C8600BF0613 /* DynamicAnimators.swift in Sources */,
				B24BD4B21EC1EB9F006E662C /* TextFields.swift in Sources */,
				B24BD4AF1EC1E6CD006E662C /* RegisterVC.swift in Sources */,
				B221B8071E92C07500FF9323 /* AppDelegate.swift in Sources */,
				B2753C751EA3C58B0078B4B4 /* Buttons.swift in Sources */,
				B2BF87FC1EC8B41800D25A75 /* UIImage.swift in Sources */,
			);
			runOnlyForDeploymentPostprocessing = 0;
		};
		B221B8131E92C07500FF9323 /* Sources */ = {
			isa = PBXSourcesBuildPhase;
			buildActionMask = 2147483647;
			files = (
				B221B81C1E92C07500FF9323 /* GD_LunchTests.swift in Sources */,
			);
			runOnlyForDeploymentPostprocessing = 0;
		};
		B221B81E1E92C07500FF9323 /* Sources */ = {
			isa = PBXSourcesBuildPhase;
			buildActionMask = 2147483647;
			files = (
				B221B8271E92C07600FF9323 /* GD_LunchUITests.swift in Sources */,
			);
			runOnlyForDeploymentPostprocessing = 0;
		};
/* End PBXSourcesBuildPhase section */

/* Begin PBXTargetDependency section */
		B221B8191E92C07500FF9323 /* PBXTargetDependency */ = {
			isa = PBXTargetDependency;
			target = B221B8021E92C07500FF9323 /* GD Lunch */;
			targetProxy = B221B8181E92C07500FF9323 /* PBXContainerItemProxy */;
		};
		B221B8241E92C07500FF9323 /* PBXTargetDependency */ = {
			isa = PBXTargetDependency;
			target = B221B8021E92C07500FF9323 /* GD Lunch */;
			targetProxy = B221B8231E92C07500FF9323 /* PBXContainerItemProxy */;
		};
/* End PBXTargetDependency section */

/* Begin PBXVariantGroup section */
		B221B80F1E92C07500FF9323 /* LaunchScreen.storyboard */ = {
			isa = PBXVariantGroup;
			children = (
				B221B8101E92C07500FF9323 /* Base */,
			);
			name = LaunchScreen.storyboard;
			sourceTree = "<group>";
		};
/* End PBXVariantGroup section */

/* Begin XCBuildConfiguration section */
		B221B8291E92C07600FF9323 /* Debug */ = {
			isa = XCBuildConfiguration;
			buildSettings = {
				ALWAYS_SEARCH_USER_PATHS = NO;
				CLANG_ANALYZER_NONNULL = YES;
				CLANG_CXX_LANGUAGE_STANDARD = "gnu++0x";
				CLANG_CXX_LIBRARY = "libc++";
				CLANG_ENABLE_MODULES = YES;
				CLANG_ENABLE_OBJC_ARC = YES;
				CLANG_WARN_BOOL_CONVERSION = YES;
				CLANG_WARN_CONSTANT_CONVERSION = YES;
				CLANG_WARN_DIRECT_OBJC_ISA_USAGE = YES_ERROR;
				CLANG_WARN_DOCUMENTATION_COMMENTS = YES;
				CLANG_WARN_EMPTY_BODY = YES;
				CLANG_WARN_ENUM_CONVERSION = YES;
				CLANG_WARN_INFINITE_RECURSION = YES;
				CLANG_WARN_INT_CONVERSION = YES;
				CLANG_WARN_OBJC_ROOT_CLASS = YES_ERROR;
				CLANG_WARN_SUSPICIOUS_MOVE = YES;
				CLANG_WARN_UNREACHABLE_CODE = YES;
				CLANG_WARN__DUPLICATE_METHOD_MATCH = YES;
				"CODE_SIGN_IDENTITY[sdk=iphoneos*]" = "iPhone Developer";
				COPY_PHASE_STRIP = NO;
				DEBUG_INFORMATION_FORMAT = dwarf;
				ENABLE_STRICT_OBJC_MSGSEND = YES;
				ENABLE_TESTABILITY = YES;
				GCC_C_LANGUAGE_STANDARD = gnu99;
				GCC_DYNAMIC_NO_PIC = NO;
				GCC_NO_COMMON_BLOCKS = YES;
				GCC_OPTIMIZATION_LEVEL = 0;
				GCC_PREPROCESSOR_DEFINITIONS = (
					"DEBUG=1",
					"$(inherited)",
				);
				GCC_WARN_64_TO_32_BIT_CONVERSION = YES;
				GCC_WARN_ABOUT_RETURN_TYPE = YES_ERROR;
				GCC_WARN_UNDECLARED_SELECTOR = YES;
				GCC_WARN_UNINITIALIZED_AUTOS = YES_AGGRESSIVE;
				GCC_WARN_UNUSED_FUNCTION = YES;
				GCC_WARN_UNUSED_VARIABLE = YES;
				IPHONEOS_DEPLOYMENT_TARGET = 10.2;
				MTL_ENABLE_DEBUG_INFO = YES;
				ONLY_ACTIVE_ARCH = YES;
				SDKROOT = iphoneos;
				SWIFT_ACTIVE_COMPILATION_CONDITIONS = DEBUG;
				SWIFT_OPTIMIZATION_LEVEL = "-Onone";
				TARGETED_DEVICE_FAMILY = "1,2";
			};
			name = Debug;
		};
		B221B82A1E92C07600FF9323 /* Release */ = {
			isa = XCBuildConfiguration;
			buildSettings = {
				ALWAYS_SEARCH_USER_PATHS = NO;
				CLANG_ANALYZER_NONNULL = YES;
				CLANG_CXX_LANGUAGE_STANDARD = "gnu++0x";
				CLANG_CXX_LIBRARY = "libc++";
				CLANG_ENABLE_MODULES = YES;
				CLANG_ENABLE_OBJC_ARC = YES;
				CLANG_WARN_BOOL_CONVERSION = YES;
				CLANG_WARN_CONSTANT_CONVERSION = YES;
				CLANG_WARN_DIRECT_OBJC_ISA_USAGE = YES_ERROR;
				CLANG_WARN_DOCUMENTATION_COMMENTS = YES;
				CLANG_WARN_EMPTY_BODY = YES;
				CLANG_WARN_ENUM_CONVERSION = YES;
				CLANG_WARN_INFINITE_RECURSION = YES;
				CLANG_WARN_INT_CONVERSION = YES;
				CLANG_WARN_OBJC_ROOT_CLASS = YES_ERROR;
				CLANG_WARN_SUSPICIOUS_MOVE = YES;
				CLANG_WARN_UNREACHABLE_CODE = YES;
				CLANG_WARN__DUPLICATE_METHOD_MATCH = YES;
				"CODE_SIGN_IDENTITY[sdk=iphoneos*]" = "iPhone Developer";
				COPY_PHASE_STRIP = NO;
				DEBUG_INFORMATION_FORMAT = "dwarf-with-dsym";
				ENABLE_NS_ASSERTIONS = NO;
				ENABLE_STRICT_OBJC_MSGSEND = YES;
				GCC_C_LANGUAGE_STANDARD = gnu99;
				GCC_NO_COMMON_BLOCKS = YES;
				GCC_WARN_64_TO_32_BIT_CONVERSION = YES;
				GCC_WARN_ABOUT_RETURN_TYPE = YES_ERROR;
				GCC_WARN_UNDECLARED_SELECTOR = YES;
				GCC_WARN_UNINITIALIZED_AUTOS = YES_AGGRESSIVE;
				GCC_WARN_UNUSED_FUNCTION = YES;
				GCC_WARN_UNUSED_VARIABLE = YES;
				IPHONEOS_DEPLOYMENT_TARGET = 10.2;
				MTL_ENABLE_DEBUG_INFO = NO;
				SDKROOT = iphoneos;
				SWIFT_OPTIMIZATION_LEVEL = "-Owholemodule";
				TARGETED_DEVICE_FAMILY = "1,2";
				VALIDATE_PRODUCT = YES;
			};
			name = Release;
		};
		B221B82C1E92C07600FF9323 /* Debug */ = {
			isa = XCBuildConfiguration;
			buildSettings = {
				ASSETCATALOG_COMPILER_APPICON_NAME = AppIcon;
				DEVELOPMENT_TEAM = KJ6K6BX2KV;
				INFOPLIST_FILE = "GD Lunch/Info.plist";
				LD_RUNPATH_SEARCH_PATHS = "$(inherited) @executable_path/Frameworks";
				PRODUCT_BUNDLE_IDENTIFIER = "com.tedliao.GD-Lunch";
				PRODUCT_NAME = "$(TARGET_NAME)";
				SWIFT_VERSION = 3.0;
			};
			name = Debug;
		};
		B221B82D1E92C07600FF9323 /* Release */ = {
			isa = XCBuildConfiguration;
			buildSettings = {
				ASSETCATALOG_COMPILER_APPICON_NAME = AppIcon;
				DEVELOPMENT_TEAM = KJ6K6BX2KV;
				INFOPLIST_FILE = "GD Lunch/Info.plist";
				LD_RUNPATH_SEARCH_PATHS = "$(inherited) @executable_path/Frameworks";
				PRODUCT_BUNDLE_IDENTIFIER = "com.tedliao.GD-Lunch";
				PRODUCT_NAME = "$(TARGET_NAME)";
				SWIFT_VERSION = 3.0;
			};
			name = Release;
		};
		B221B82F1E92C07600FF9323 /* Debug */ = {
			isa = XCBuildConfiguration;
			buildSettings = {
				ALWAYS_EMBED_SWIFT_STANDARD_LIBRARIES = YES;
				BUNDLE_LOADER = "$(TEST_HOST)";
				DEVELOPMENT_TEAM = KJ6K6BX2KV;
				INFOPLIST_FILE = "GD LunchTests/Info.plist";
				LD_RUNPATH_SEARCH_PATHS = "$(inherited) @executable_path/Frameworks @loader_path/Frameworks";
				PRODUCT_BUNDLE_IDENTIFIER = "com.tedliao.GD-LunchTests";
				PRODUCT_NAME = "$(TARGET_NAME)";
				SWIFT_VERSION = 3.0;
				TEST_HOST = "$(BUILT_PRODUCTS_DIR)/GD Lunch.app/GD Lunch";
			};
			name = Debug;
		};
		B221B8301E92C07600FF9323 /* Release */ = {
			isa = XCBuildConfiguration;
			buildSettings = {
				ALWAYS_EMBED_SWIFT_STANDARD_LIBRARIES = YES;
				BUNDLE_LOADER = "$(TEST_HOST)";
				DEVELOPMENT_TEAM = KJ6K6BX2KV;
				INFOPLIST_FILE = "GD LunchTests/Info.plist";
				LD_RUNPATH_SEARCH_PATHS = "$(inherited) @executable_path/Frameworks @loader_path/Frameworks";
				PRODUCT_BUNDLE_IDENTIFIER = "com.tedliao.GD-LunchTests";
				PRODUCT_NAME = "$(TARGET_NAME)";
				SWIFT_VERSION = 3.0;
				TEST_HOST = "$(BUILT_PRODUCTS_DIR)/GD Lunch.app/GD Lunch";
			};
			name = Release;
		};
		B221B8321E92C07600FF9323 /* Debug */ = {
			isa = XCBuildConfiguration;
			buildSettings = {
				ALWAYS_EMBED_SWIFT_STANDARD_LIBRARIES = YES;
				DEVELOPMENT_TEAM = KJ6K6BX2KV;
				INFOPLIST_FILE = "GD LunchUITests/Info.plist";
				LD_RUNPATH_SEARCH_PATHS = "$(inherited) @executable_path/Frameworks @loader_path/Frameworks";
				PRODUCT_BUNDLE_IDENTIFIER = "com.tedliao.GD-LunchUITests";
				PRODUCT_NAME = "$(TARGET_NAME)";
				SWIFT_VERSION = 3.0;
				TEST_TARGET_NAME = "GD Lunch";
			};
			name = Debug;
		};
		B221B8331E92C07600FF9323 /* Release */ = {
			isa = XCBuildConfiguration;
			buildSettings = {
				ALWAYS_EMBED_SWIFT_STANDARD_LIBRARIES = YES;
				DEVELOPMENT_TEAM = KJ6K6BX2KV;
				INFOPLIST_FILE = "GD LunchUITests/Info.plist";
				LD_RUNPATH_SEARCH_PATHS = "$(inherited) @executable_path/Frameworks @loader_path/Frameworks";
				PRODUCT_BUNDLE_IDENTIFIER = "com.tedliao.GD-LunchUITests";
				PRODUCT_NAME = "$(TARGET_NAME)";
				SWIFT_VERSION = 3.0;
				TEST_TARGET_NAME = "GD Lunch";
			};
			name = Release;
		};
/* End XCBuildConfiguration section */

/* Begin XCConfigurationList section */
		B221B7FE1E92C07500FF9323 /* Build configuration list for PBXProject "GD Lunch" */ = {
			isa = XCConfigurationList;
			buildConfigurations = (
				B221B8291E92C07600FF9323 /* Debug */,
				B221B82A1E92C07600FF9323 /* Release */,
			);
			defaultConfigurationIsVisible = 0;
			defaultConfigurationName = Release;
		};
		B221B82B1E92C07600FF9323 /* Build configuration list for PBXNativeTarget "GD Lunch" */ = {
			isa = XCConfigurationList;
			buildConfigurations = (
				B221B82C1E92C07600FF9323 /* Debug */,
				B221B82D1E92C07600FF9323 /* Release */,
			);
			defaultConfigurationIsVisible = 0;
			defaultConfigurationName = Release;
		};
		B221B82E1E92C07600FF9323 /* Build configuration list for PBXNativeTarget "GD LunchTests" */ = {
			isa = XCConfigurationList;
			buildConfigurations = (
				B221B82F1E92C07600FF9323 /* Debug */,
				B221B8301E92C07600FF9323 /* Release */,
			);
			defaultConfigurationIsVisible = 0;
			defaultConfigurationName = Release;
		};
		B221B8311E92C07600FF9323 /* Build configuration list for PBXNativeTarget "GD LunchUITests" */ = {
			isa = XCConfigurationList;
			buildConfigurations = (
				B221B8321E92C07600FF9323 /* Debug */,
				B221B8331E92C07600FF9323 /* Release */,
			);
			defaultConfigurationIsVisible = 0;
			defaultConfigurationName = Release;
		};
/* End XCConfigurationList section */
	};
	rootObject = B221B7FB1E92C07500FF9323 /* Project object */;
}
